# Dependency lock generated by resolve-deps.sh
# 2026-03-31T14:30:35Z
schema: 1

primary:
  repo: midnight-wallet
  commit: 6e678710566fb2e13c39dfb90169335d29302f99

dependencies:
  midnight-js:
    required_by: wallet-sdk-facade@3.0.0
    doc_repo: repos/js
    doc_tag: snapshot/midnight-js/e4706d22
    upstream_commit: e4706d225b4f01266fee7590f58bc060e1571e88
    status: resolved

resolved: true
