# Dependency lock generated by resolve-deps.sh
# 2026-03-19T23:29:53Z
schema: 1

primary:
  repo: midnight-wallet
  commit: 1fa58bb2a02d6edccec9ca840e16729cc5f71ae1

dependencies:
  midnight-js:
    required_by: wallet-sdk-facade@3.0.0-rc.0
    doc_repo: repos/js
    doc_tag: snapshot/midnight-js/e4706d22
    upstream_commit: e4706d225b4f01266fee7590f58bc060e1571e88
    status: resolved

resolved: true
