# Dependency lock generated by resolve-deps.sh
# 2026-04-22T11:50:11Z
schema: 1

primary:
  repo: midnight-wallet
  commit: 79d42ff58cd95c27393c6f8da09aa39ce896e1b2

dependencies:
  midnight-js:
    required_by: wallet-sdk-facade@3.0.0
    doc_repo: repos/js
    doc_tag: snapshot/midnight-js/9f83e8a7
    upstream_commit: 9f83e8a796252b031d01732736f8973132bcbb67
    status: resolved

resolved: true
